
Microsoft Visual Studio Solution File, Format Version 12.00
# Visual Studio Version 17
VisualStudioVersion = 17.7.34024.191
MinimumVisualStudioVersion = 10.0.40219.1
Project("{FAE04EC0-301F-11D3-BF4B-00C04F79EFBC}") = "Project3", "Proj 2\Project3.csproj", "{43E0351B-3049-4743-87DD-1A71A2049BF5}"
EndProject
Global
	GlobalSection(SolutionConfigurationPlatforms) = preSolution
		Debug|Any CPU = Debug|Any CPU
		Release|Any CPU = Release|Any CPU
	EndGlobalSection
	GlobalSection(ProjectConfigurationPlatforms) = postSolution
		{43E0351B-3049-4743-87DD-1A71A2049BF5}.Debug|Any CPU.ActiveCfg = Debug|Any CPU
		{43E0351B-3049-4743-87DD-1A71A2049BF5}.Debug|Any CPU.Build.0 = Debug|Any CPU
		{43E0351B-3049-4743-87DD-1A71A2049BF5}.Release|Any CPU.ActiveCfg = Release|Any CPU
		{43E0351B-3049-4743-87DD-1A71A2049BF5}.Release|Any CPU.Build.0 = Release|Any CPU
	EndGlobalSection
	GlobalSection(SolutionProperties) = preSolution
		HideSolutionNode = FALSE
	EndGlobalSection
	GlobalSection(ExtensibilityGlobals) = postSolution
		SolutionGuid = {9333DD0B-6850-4254-B42F-250F923F533A}
	EndGlobalSection
EndGlobal
